
Microsoft Visual Studio Solution File, Format Version 12.00
# Visual Studio Version 17
VisualStudioVersion = 17.0.31410.414
MinimumVisualStudioVersion = 10.0.40219.1
Project("{9A19103F-16F7-4668-BE54-9A1E7A4F7556}") = "RaySharp", "RaySharp\RaySharp.csproj", "{3C42F44F-3075-4CAE-B37F-F39EFF88AEAD}"
EndProject
Project("{9A19103F-16F7-4668-BE54-9A1E7A4F7556}") = "RaySharp.Tests", "RaySharp.Tests\RaySharp.Tests.csproj", "{FD2C3B40-AD68-4632-A1B5-61676F3F0A0F}"
	ProjectSection(ProjectDependencies) = postProject
		{3C42F44F-3075-4CAE-B37F-F39EFF88AEAD} = {3C42F44F-3075-4CAE-B37F-F39EFF88AEAD}
	EndProjectSection
EndProject
Project("{2150E333-8FDC-42A3-9474-1A3956D46DE8}") = "Solution Items", "Solution Items", "{A07FA458-89BB-43D3-A4B8-F8876223C507}"
	ProjectSection(SolutionItems) = preProject
		.gitignore = .gitignore
		E:\WindowsDocs\Téléchargements\raylib - cheatsheet - todo.html = E:\WindowsDocs\Téléchargements\raylib - cheatsheet - todo.html
	EndProjectSection
EndProject
Global
	GlobalSection(SolutionConfigurationPlatforms) = preSolution
		Debug|Any CPU = Debug|Any CPU
		Release|Any CPU = Release|Any CPU
	EndGlobalSection
	GlobalSection(ProjectConfigurationPlatforms) = postSolution
		{3C42F44F-3075-4CAE-B37F-F39EFF88AEAD}.Debug|Any CPU.ActiveCfg = Debug|Any CPU
		{3C42F44F-3075-4CAE-B37F-F39EFF88AEAD}.Debug|Any CPU.Build.0 = Debug|Any CPU
		{3C42F44F-3075-4CAE-B37F-F39EFF88AEAD}.Release|Any CPU.ActiveCfg = Release|Any CPU
		{3C42F44F-3075-4CAE-B37F-F39EFF88AEAD}.Release|Any CPU.Build.0 = Release|Any CPU
		{FD2C3B40-AD68-4632-A1B5-61676F3F0A0F}.Debug|Any CPU.ActiveCfg = Debug|Any CPU
		{FD2C3B40-AD68-4632-A1B5-61676F3F0A0F}.Debug|Any CPU.Build.0 = Debug|Any CPU
		{FD2C3B40-AD68-4632-A1B5-61676F3F0A0F}.Release|Any CPU.ActiveCfg = Release|Any CPU
		{FD2C3B40-AD68-4632-A1B5-61676F3F0A0F}.Release|Any CPU.Build.0 = Release|Any CPU
	EndGlobalSection
	GlobalSection(SolutionProperties) = preSolution
		HideSolutionNode = FALSE
	EndGlobalSection
	GlobalSection(ExtensibilityGlobals) = postSolution
		SolutionGuid = {B809393F-375C-45EB-8DD9-A0FF4AF78AD7}
	EndGlobalSection
EndGlobal
